{
    "version": 3,
    "terraform_version": "0.11.13",
    "serial": 17,
    "lineage": "dac673b9-15a0-cf2a-1bca-f6968bb5fc3e",
    "modules": [
        {
            "path": [
                "root"
            ],
            "outputs": {
                "NoIngressSecurityGroup": {
                    "sensitive": false,
                    "type": "string",
                    "value": "sg-0a4c9785b30d43b4c"
                },
                "PrivateSubnet1": {
                    "sensitive": false,
                    "type": "string",
                    "value": "subnet-0282178e085ecb90d"
                },
                "PrivateSubnet2": {
                    "sensitive": false,
                    "type": "string",
                    "value": "subnet-08be3ead906e42e41"
                },
                "PublicSubnet1": {
                    "sensitive": false,
                    "type": "string",
                    "value": "subnet-0200978383380753d"
                },
                "PublicSubnet2": {
                    "sensitive": false,
                    "type": "string",
                    "value": "subnet-007a3bc3c6b0b72bc"
                },
                "cdn_url": {
                    "sensitive": false,
                    "type": "string",
                    "value": "domsl8j4mekbi.cloudfront.net"
                },
                "jumpbox_private_ip": {
                    "sensitive": false,
                    "type": "string",
                    "value": "172.21.10.140"
                },
                "jumpbox_public_ip": {
                    "sensitive": false,
                    "type": "string",
                    "value": "34.234.234.232"
                },
                "neo4j_Private_ip": {
                    "sensitive": false,
                    "type": "list",
                    "value": [
                        "172.21.20.246"
                    ]
                },
                "s3_static_arn": {
                    "sensitive": false,
                    "type": "string",
                    "value": "arn:aws:s3:::terraform-20190503154509507700000001"
                },
                "s3_user_arn": {
                    "sensitive": false,
                    "type": "string",
                    "value": "arn:aws:s3:::terraform-20190503154509509700000002"
                },
                "vpc": {
                    "sensitive": false,
                    "type": "string",
                    "value": "vpc-0e4eddab34b6bd729"
                }
            },
            "resources": {
                "aws_api_gateway_authorizer.cognitoauth": {
                    "type": "aws_api_gateway_authorizer",
                    "depends_on": [
                        "aws_api_gateway_rest_api.gw",
                        "aws_cognito_user_pool.pool"
                    ],
                    "primary": {
                        "id": "qs9kpb",
                        "attributes": {
                            "authorizer_credentials": "",
                            "authorizer_result_ttl_in_seconds": "0",
                            "authorizer_uri": "",
                            "id": "qs9kpb",
                            "identity_source": "method.request.header.Authorization",
                            "identity_validation_expression": "",
                            "name": "gatewayauthorizer",
                            "provider_arns.#": "1",
                            "provider_arns.21578226": "arn:aws:cognito-idp:us-east-1:148768770836:userpool/us-east-1_tKbVVvd17",
                            "rest_api_id": "nosaeynp51",
                            "type": "COGNITO_USER_POOLS"
                        },
                        "meta": {},
                        "tainted": false
                    },
                    "deposed": [],
                    "provider": "provider.aws"
                },
                "aws_api_gateway_rest_api.gw": {
                    "type": "aws_api_gateway_rest_api",
                    "depends_on": [],
                    "primary": {
                        "id": "nosaeynp51",
                        "attributes": {
                            "api_key_source": "HEADER",
                            "binary_media_types.#": "0",
                            "created_date": "2019-05-03T15:45:09Z",
                            "description": "",
                            "endpoint_configuration.#": "1",
                            "endpoint_configuration.0.types.#": "1",
                            "endpoint_configuration.0.types.0": "EDGE",
                            "execution_arn": "arn:aws:execute-api:us-east-1:148768770836:nosaeynp51",
                            "id": "nosaeynp51",
                            "minimum_compression_size": "-1",
                            "name": "mvpgateway",
                            "policy": "",
                            "root_resource_id": "91m4h3ore0"
                        },
                        "meta": {},
                        "tainted": false
                    },
                    "deposed": [],
                    "provider": "provider.aws"
                },
                "aws_cloudfront_distribution.mvpcdn": {
                    "type": "aws_cloudfront_distribution",
                    "depends_on": [
                        "aws_cloudfront_origin_access_identity.origin_access_identity",
                        "aws_s3_bucket.mvpstatic",
                        "aws_s3_bucket.mvpuser",
                        "local.s3_static_origin_id",
                        "local.s3_user_origin_id"
                    ],
                    "primary": {
                        "id": "EDOQWI1JQWCZZ",
                        "attributes": {
                            "active_trusted_signers.%": "2",
                            "active_trusted_signers.enabled": "false",
                            "active_trusted_signers.items.#": "0",
                            "aliases.#": "0",
                            "arn": "arn:aws:cloudfront::148768770836:distribution/EDOQWI1JQWCZZ",
                            "caller_reference": "2019-05-03T11:45:18.9361883-04:00",
                            "comment": "Static COntent",
                            "custom_error_response.#": "0",
                            "default_cache_behavior.#": "1",
                            "default_cache_behavior.0.allowed_methods.#": "7",
                            "default_cache_behavior.0.allowed_methods.1012961568": "POST",
                            "default_cache_behavior.0.allowed_methods.1040875975": "GET",
                            "default_cache_behavior.0.allowed_methods.1445840968": "HEAD",
                            "default_cache_behavior.0.allowed_methods.1741119464": "PATCH",
                            "default_cache_behavior.0.allowed_methods.348445828": "DELETE",
                            "default_cache_behavior.0.allowed_methods.3982006612": "OPTIONS",
                            "default_cache_behavior.0.allowed_methods.4024585617": "PUT",
                            "default_cache_behavior.0.cached_methods.#": "2",
                            "default_cache_behavior.0.cached_methods.1040875975": "GET",
                            "default_cache_behavior.0.cached_methods.1445840968": "HEAD",
                            "default_cache_behavior.0.compress": "true",
                            "default_cache_behavior.0.default_ttl": "3600",
                            "default_cache_behavior.0.field_level_encryption_id": "",
                            "default_cache_behavior.0.forwarded_values.#": "1",
                            "default_cache_behavior.0.forwarded_values.0.cookies.#": "1",
                            "default_cache_behavior.0.forwarded_values.0.cookies.0.forward": "none",
                            "default_cache_behavior.0.forwarded_values.0.cookies.0.whitelisted_names.#": "0",
                            "default_cache_behavior.0.forwarded_values.0.headers.#": "1",
                            "default_cache_behavior.0.forwarded_values.0.headers.3079982794": "50655368566D59713373367639792442",
                            "default_cache_behavior.0.forwarded_values.0.query_string": "false",
                            "default_cache_behavior.0.forwarded_values.0.query_string_cache_keys.#": "0",
                            "default_cache_behavior.0.lambda_function_association.#": "0",
                            "default_cache_behavior.0.max_ttl": "86400",
                            "default_cache_behavior.0.min_ttl": "0",
                            "default_cache_behavior.0.smooth_streaming": "false",
                            "default_cache_behavior.0.target_origin_id": "MVPStaticOrigin",
                            "default_cache_behavior.0.trusted_signers.#": "0",
                            "default_cache_behavior.0.viewer_protocol_policy": "redirect-to-https",
                            "default_root_object": "index.html",
                            "domain_name": "domsl8j4mekbi.cloudfront.net",
                            "enabled": "true",
                            "etag": "E1R19S1A5F5HJA",
                            "hosted_zone_id": "Z2FDTNDATAQYW2",
                            "http_version": "http2",
                            "id": "EDOQWI1JQWCZZ",
                            "in_progress_validation_batches": "0",
                            "is_ipv6_enabled": "false",
                            "last_modified_time": "2019-05-03 15:45:19.46 +0000 UTC",
                            "logging_config.#": "0",
                            "ordered_cache_behavior.#": "0",
                            "origin.#": "2",
                            "origin.330770149.custom_header.#": "0",
                            "origin.330770149.custom_origin_config.#": "0",
                            "origin.330770149.domain_name": "terraform-20190503154509509700000002.s3.amazonaws.com",
                            "origin.330770149.origin_id": "MVPUserOrigin",
                            "origin.330770149.origin_path": "",
                            "origin.330770149.s3_origin_config.#": "1",
                            "origin.330770149.s3_origin_config.0.origin_access_identity": "origin-access-identity/cloudfront/E1BDFXISGXTRJO",
                            "origin.3955094778.custom_header.#": "0",
                            "origin.3955094778.custom_origin_config.#": "0",
                            "origin.3955094778.domain_name": "terraform-20190503154509507700000001.s3.amazonaws.com",
                            "origin.3955094778.origin_id": "MVPStaticOrigin",
                            "origin.3955094778.origin_path": "",
                            "origin.3955094778.s3_origin_config.#": "1",
                            "origin.3955094778.s3_origin_config.0.origin_access_identity": "origin-access-identity/cloudfront/E1BDFXISGXTRJO",
                            "price_class": "PriceClass_All",
                            "restrictions.#": "1",
                            "restrictions.0.geo_restriction.#": "1",
                            "restrictions.0.geo_restriction.0.locations.#": "0",
                            "restrictions.0.geo_restriction.0.restriction_type": "none",
                            "retain_on_delete": "false",
                            "status": "Deployed",
                            "tags.%": "1",
                            "tags.Environment": "UAT",
                            "viewer_certificate.#": "1",
                            "viewer_certificate.0.acm_certificate_arn": "",
                            "viewer_certificate.0.cloudfront_default_certificate": "true",
                            "viewer_certificate.0.iam_certificate_id": "",
                            "viewer_certificate.0.minimum_protocol_version": "TLSv1",
                            "viewer_certificate.0.ssl_support_method": "",
                            "wait_for_deployment": "true",
                            "web_acl_id": ""
                        },
                        "meta": {
                            "schema_version": "1"
                        },
                        "tainted": false
                    },
                    "deposed": [],
                    "provider": "provider.aws"
                },
                "aws_cloudfront_origin_access_identity.origin_access_identity": {
                    "type": "aws_cloudfront_origin_access_identity",
                    "depends_on": [],
                    "primary": {
                        "id": "E1BDFXISGXTRJO",
                        "attributes": {
                            "caller_reference": "2019-05-03T11:45:09.5077589-04:00",
                            "cloudfront_access_identity_path": "origin-access-identity/cloudfront/E1BDFXISGXTRJO",
                            "etag": "E2Z1M8RMWRUX5D",
                            "iam_arn": "arn:aws:iam::cloudfront:user/CloudFront Origin Access Identity E1BDFXISGXTRJO",
                            "id": "E1BDFXISGXTRJO",
                            "s3_canonical_user_id": "b0cc4ffe61d04724a91b7833d407703f2d7c084ced44f8b11a543f346042adf329b1c960a3bfe5fb72dd7e26567e1f4a"
                        },
                        "meta": {},
                        "tainted": false
                    },
                    "deposed": [],
                    "provider": "provider.aws"
                },
                "aws_cognito_user_pool.pool": {
                    "type": "aws_cognito_user_pool",
                    "depends_on": [],
                    "primary": {
                        "id": "us-east-1_tKbVVvd17",
                        "attributes": {
                            "admin_create_user_config.#": "1",
                            "admin_create_user_config.0.allow_admin_create_user_only": "false",
                            "admin_create_user_config.0.invite_message_template.#": "0",
                            "admin_create_user_config.0.unused_account_validity_days": "7",
                            "arn": "arn:aws:cognito-idp:us-east-1:148768770836:userpool/us-east-1_tKbVVvd17",
                            "auto_verified_attributes.#": "0",
                            "creation_date": "2019-05-03T15:45:10Z",
                            "device_configuration.#": "0",
                            "email_configuration.#": "0",
                            "endpoint": "cognito-idp.us-east-1.amazonaws.com/us-east-1_tKbVVvd17",
                            "id": "us-east-1_tKbVVvd17",
                            "lambda_config.#": "0",
                            "last_modified_date": "2019-05-03T15:45:10Z",
                            "mfa_configuration": "OFF",
                            "name": "profounduserpl",
                            "password_policy.#": "1",
                            "password_policy.0.minimum_length": "8",
                            "password_policy.0.require_lowercase": "true",
                            "password_policy.0.require_numbers": "true",
                            "password_policy.0.require_symbols": "true",
                            "password_policy.0.require_uppercase": "true",
                            "schema.#": "0",
                            "sms_configuration.#": "0",
                            "tags.%": "0",
                            "user_pool_add_ons.#": "0",
                            "verification_message_template.#": "1",
                            "verification_message_template.0.default_email_option": "CONFIRM_WITH_CODE",
                            "verification_message_template.0.email_message": "",
                            "verification_message_template.0.email_message_by_link": "",
                            "verification_message_template.0.email_subject": "",
                            "verification_message_template.0.email_subject_by_link": "",
                            "verification_message_template.0.sms_message": ""
                        },
                        "meta": {},
                        "tainted": false
                    },
                    "deposed": [],
                    "provider": "provider.aws"
                },
                "aws_eip.NatGateway1EIP": {
                    "type": "aws_eip",
                    "depends_on": [
                        "aws_internet_gateway.gw"
                    ],
                    "primary": {
                        "id": "eipalloc-054abf9e4d2551a66",
                        "attributes": {
                            "association_id": "eipassoc-0446ff4c91b8ede4f",
                            "domain": "vpc",
                            "id": "eipalloc-054abf9e4d2551a66",
                            "instance": "",
                            "network_interface": "eni-027b5ea51424fbc67",
                            "private_dns": "ip-172-21-10-9.ec2.internal",
                            "private_ip": "172.21.10.9",
                            "public_dns": "ec2-3-215-221-150.compute-1.amazonaws.com",
                            "public_ip": "3.215.221.150",
                            "public_ipv4_pool": "amazon",
                            "tags.%": "0",
                            "vpc": "true"
                        },
                        "meta": {
                            "e2bfb730-ecaa-11e6-8f88-34363bc7c4c0": {
                                "delete": 180000000000,
                                "read": 900000000000,
                                "update": 300000000000
                            }
                        },
                        "tainted": false
                    },
                    "deposed": [],
                    "provider": "provider.aws"
                },
                "aws_eip.NatGateway2EIP": {
                    "type": "aws_eip",
                    "depends_on": [
                        "aws_internet_gateway.gw"
                    ],
                    "primary": {
                        "id": "eipalloc-0cf57193c310ab237",
                        "attributes": {
                            "association_id": "eipassoc-089c67459672c09a0",
                            "domain": "vpc",
                            "id": "eipalloc-0cf57193c310ab237",
                            "instance": "",
                            "network_interface": "eni-06af74d770256c77c",
                            "private_dns": "ip-172-21-30-171.ec2.internal",
                            "private_ip": "172.21.30.171",
                            "public_dns": "ec2-52-71-227-19.compute-1.amazonaws.com",
                            "public_ip": "52.71.227.19",
                            "public_ipv4_pool": "amazon",
                            "tags.%": "0",
                            "vpc": "true"
                        },
                        "meta": {
                            "e2bfb730-ecaa-11e6-8f88-34363bc7c4c0": {
                                "delete": 180000000000,
                                "read": 900000000000,
                                "update": 300000000000
                            }
                        },
                        "tainted": false
                    },
                    "deposed": [],
                    "provider": "provider.aws"
                },
                "aws_instance.jumpbox": {
                    "type": "aws_instance",
                    "depends_on": [
                        "aws_security_group.allowrdp",
                        "aws_subnet.PublicSubnet1",
                        "data.aws_ami.ubuntu"
                    ],
                    "primary": {
                        "id": "i-03e5a6e3b53e43d2c",
                        "attributes": {
                            "ami": "ami-0bc0814ce7c141032",
                            "arn": "arn:aws:ec2:us-east-1:148768770836:instance/i-03e5a6e3b53e43d2c",
                            "associate_public_ip_address": "true",
                            "availability_zone": "us-east-1a",
                            "cpu_core_count": "1",
                            "cpu_threads_per_core": "1",
                            "credit_specification.#": "1",
                            "credit_specification.0.cpu_credits": "standard",
                            "disable_api_termination": "false",
                            "ebs_block_device.#": "0",
                            "ebs_optimized": "false",
                            "ephemeral_block_device.#": "0",
                            "get_password_data": "false",
                            "iam_instance_profile": "",
                            "id": "i-03e5a6e3b53e43d2c",
                            "instance_state": "running",
                            "instance_type": "t2.micro",
                            "ipv6_address_count": "0",
                            "ipv6_addresses.#": "0",
                            "key_name": "",
                            "monitoring": "false",
                            "network_interface.#": "0",
                            "password_data": "",
                            "placement_group": "",
                            "primary_network_interface_id": "eni-0c971401be00e469d",
                            "private_dns": "ip-172-21-10-140.ec2.internal",
                            "private_ip": "172.21.10.140",
                            "public_dns": "ec2-34-234-234-232.compute-1.amazonaws.com",
                            "public_ip": "34.234.234.232",
                            "root_block_device.#": "1",
                            "root_block_device.0.delete_on_termination": "true",
                            "root_block_device.0.iops": "100",
                            "root_block_device.0.volume_id": "vol-05583df5f599bd07b",
                            "root_block_device.0.volume_size": "8",
                            "root_block_device.0.volume_type": "gp2",
                            "security_groups.#": "0",
                            "source_dest_check": "true",
                            "subnet_id": "subnet-0200978383380753d",
                            "tags.%": "1",
                            "tags.Name": "JumpBox",
                            "tenancy": "default",
                            "volume_tags.%": "0",
                            "vpc_security_group_ids.#": "1",
                            "vpc_security_group_ids.2363271612": "sg-0eb522f9aa2221751"
                        },
                        "meta": {
                            "e2bfb730-ecaa-11e6-8f88-34363bc7c4c0": {
                                "create": 600000000000,
                                "delete": 1200000000000,
                                "update": 600000000000
                            },
                            "schema_version": "1"
                        },
                        "tainted": false
                    },
                    "deposed": [],
                    "provider": "provider.aws"
                },
                "aws_internet_gateway.gw": {
                    "type": "aws_internet_gateway",
                    "depends_on": [
                        "aws_vpc.main"
                    ],
                    "primary": {
                        "id": "igw-018c44fcdbda87435",
                        "attributes": {
                            "id": "igw-018c44fcdbda87435",
                            "owner_id": "148768770836",
                            "tags.%": "1",
                            "tags.name": "UAT",
                            "vpc_id": "vpc-0e4eddab34b6bd729"
                        },
                        "meta": {},
                        "tainted": false
                    },
                    "deposed": [],
                    "provider": "provider.aws"
                },
                "aws_key_pair.deployer": {
                    "type": "aws_key_pair",
                    "depends_on": [],
                    "primary": {
                        "id": "NEO4J-DEV-KEY",
                        "attributes": {
                            "fingerprint": "d7:ff:a6:63:18:64:9c:57:a1:ee:ca:a4:ad:c2:81:62",
                            "id": "NEO4J-DEV-KEY",
                            "key_name": "NEO4J-DEV-KEY",
                            "public_key": "ssh-rsa AAAAB3NzaC1yc2EAAAADAQABAAABAQD3F6tyPEFEzV0LX3X8BsXdMsQz1x2cEikKDEY0aIj41qgxMCP/iteneqXSIFZBp5vizPvaoIR3Um9xK7PGoW8giupGn+EPuxIA4cDM4vzOqOkiMPhz5XK0whEjkVzTo4+S0puvDZuwIsdiW9mxhJc7tgBNL0cYlWSYVkz4G/fslNfRPW5mYAM49f4fhtxPb5ok4Q2Lg9dPKVHO/Bgeu5woMc7RY0p1ej6D4CKFE6lymSDJpW0YHX/wqE9+cfEauh7xZcG0q9t2ta6F6fmX0agvpFyZo8aFbXeUBr7osSCJNgvavWbM/06niWrOvYX2xwWdhXmXSrbX8ZbabVohBK41 email@example.com"
                        },
                        "meta": {
                            "schema_version": "1"
                        },
                        "tainted": false
                    },
                    "deposed": [],
                    "provider": "provider.aws"
                },
                "aws_nat_gateway.NatGateway1": {
                    "type": "aws_nat_gateway",
                    "depends_on": [
                        "aws_eip.NatGateway1EIP",
                        "aws_subnet.PublicSubnet1"
                    ],
                    "primary": {
                        "id": "nat-05f5bde1910e05fc0",
                        "attributes": {
                            "allocation_id": "eipalloc-054abf9e4d2551a66",
                            "id": "nat-05f5bde1910e05fc0",
                            "network_interface_id": "eni-027b5ea51424fbc67",
                            "private_ip": "172.21.10.9",
                            "public_ip": "3.215.221.150",
                            "subnet_id": "subnet-0200978383380753d",
                            "tags.%": "0"
                        },
                        "meta": {},
                        "tainted": false
                    },
                    "deposed": [],
                    "provider": "provider.aws"
                },
                "aws_nat_gateway.NatGateway2": {
                    "type": "aws_nat_gateway",
                    "depends_on": [
                        "aws_eip.NatGateway2EIP",
                        "aws_subnet.PublicSubnet2"
                    ],
                    "primary": {
                        "id": "nat-054815ef38de7ba3f",
                        "attributes": {
                            "allocation_id": "eipalloc-0cf57193c310ab237",
                            "id": "nat-054815ef38de7ba3f",
                            "network_interface_id": "eni-06af74d770256c77c",
                            "private_ip": "172.21.30.171",
                            "public_ip": "52.71.227.19",
                            "subnet_id": "subnet-007a3bc3c6b0b72bc",
                            "tags.%": "0"
                        },
                        "meta": {},
                        "tainted": false
                    },
                    "deposed": [],
                    "provider": "provider.aws"
                },
                "aws_route_table.PrivateRouteTable1": {
                    "type": "aws_route_table",
                    "depends_on": [
                        "aws_nat_gateway.NatGateway1",
                        "aws_vpc.main"
                    ],
                    "primary": {
                        "id": "rtb-057e11043417ab7f8",
                        "attributes": {
                            "id": "rtb-057e11043417ab7f8",
                            "owner_id": "148768770836",
                            "propagating_vgws.#": "0",
                            "route.#": "1",
                            "route.1697164366.cidr_block": "0.0.0.0/0",
                            "route.1697164366.egress_only_gateway_id": "",
                            "route.1697164366.gateway_id": "",
                            "route.1697164366.instance_id": "",
                            "route.1697164366.ipv6_cidr_block": "",
                            "route.1697164366.nat_gateway_id": "nat-05f5bde1910e05fc0",
                            "route.1697164366.network_interface_id": "",
                            "route.1697164366.transit_gateway_id": "",
                            "route.1697164366.vpc_peering_connection_id": "",
                            "tags.%": "1",
                            "tags.name": "UAT  Private Routes (AZ1)",
                            "vpc_id": "vpc-0e4eddab34b6bd729"
                        },
                        "meta": {},
                        "tainted": false
                    },
                    "deposed": [],
                    "provider": "provider.aws"
                },
                "aws_route_table.PrivateRouteTable2": {
                    "type": "aws_route_table",
                    "depends_on": [
                        "aws_nat_gateway.NatGateway2",
                        "aws_vpc.main"
                    ],
                    "primary": {
                        "id": "rtb-0e27242ff4c602b5b",
                        "attributes": {
                            "id": "rtb-0e27242ff4c602b5b",
                            "owner_id": "148768770836",
                            "propagating_vgws.#": "0",
                            "route.#": "1",
                            "route.2876130502.cidr_block": "0.0.0.0/0",
                            "route.2876130502.egress_only_gateway_id": "",
                            "route.2876130502.gateway_id": "",
                            "route.2876130502.instance_id": "",
                            "route.2876130502.ipv6_cidr_block": "",
                            "route.2876130502.nat_gateway_id": "nat-054815ef38de7ba3f",
                            "route.2876130502.network_interface_id": "",
                            "route.2876130502.transit_gateway_id": "",
                            "route.2876130502.vpc_peering_connection_id": "",
                            "tags.%": "1",
                            "tags.name": "UAT  Private Routes (AZ2)",
                            "vpc_id": "vpc-0e4eddab34b6bd729"
                        },
                        "meta": {},
                        "tainted": false
                    },
                    "deposed": [],
                    "provider": "provider.aws"
                },
                "aws_route_table.PublicRouteTable": {
                    "type": "aws_route_table",
                    "depends_on": [
                        "aws_internet_gateway.gw",
                        "aws_vpc.main"
                    ],
                    "primary": {
                        "id": "rtb-05c1c3ad0aa439676",
                        "attributes": {
                            "id": "rtb-05c1c3ad0aa439676",
                            "owner_id": "148768770836",
                            "propagating_vgws.#": "0",
                            "route.#": "1",
                            "route.2107835564.cidr_block": "0.0.0.0/0",
                            "route.2107835564.egress_only_gateway_id": "",
                            "route.2107835564.gateway_id": "igw-018c44fcdbda87435",
                            "route.2107835564.instance_id": "",
                            "route.2107835564.ipv6_cidr_block": "",
                            "route.2107835564.nat_gateway_id": "",
                            "route.2107835564.network_interface_id": "",
                            "route.2107835564.transit_gateway_id": "",
                            "route.2107835564.vpc_peering_connection_id": "",
                            "tags.%": "1",
                            "tags.name": "UAT  Public Routes",
                            "vpc_id": "vpc-0e4eddab34b6bd729"
                        },
                        "meta": {},
                        "tainted": false
                    },
                    "deposed": [],
                    "provider": "provider.aws"
                },
                "aws_route_table_association.PrivateSubnet1RouteTableAssociation": {
                    "type": "aws_route_table_association",
                    "depends_on": [
                        "aws_route_table.PrivateRouteTable1",
                        "aws_subnet.PrivateSubnet1"
                    ],
                    "primary": {
                        "id": "rtbassoc-0895b38f3ca2e6ff4",
                        "attributes": {
                            "id": "rtbassoc-0895b38f3ca2e6ff4",
                            "route_table_id": "rtb-057e11043417ab7f8",
                            "subnet_id": "subnet-0282178e085ecb90d"
                        },
                        "meta": {},
                        "tainted": false
                    },
                    "deposed": [],
                    "provider": "provider.aws"
                },
                "aws_route_table_association.PrivateSubnet2RouteTableAssociation": {
                    "type": "aws_route_table_association",
                    "depends_on": [
                        "aws_route_table.PrivateRouteTable2",
                        "aws_subnet.PrivateSubnet2"
                    ],
                    "primary": {
                        "id": "rtbassoc-02bc566a72c6f6875",
                        "attributes": {
                            "id": "rtbassoc-02bc566a72c6f6875",
                            "route_table_id": "rtb-0e27242ff4c602b5b",
                            "subnet_id": "subnet-08be3ead906e42e41"
                        },
                        "meta": {},
                        "tainted": false
                    },
                    "deposed": [],
                    "provider": "provider.aws"
                },
                "aws_route_table_association.PublicSubnet1RouteTableAssociation": {
                    "type": "aws_route_table_association",
                    "depends_on": [
                        "aws_route_table.PublicRouteTable",
                        "aws_subnet.PublicSubnet1"
                    ],
                    "primary": {
                        "id": "rtbassoc-03fc08b5f36d218ea",
                        "attributes": {
                            "id": "rtbassoc-03fc08b5f36d218ea",
                            "route_table_id": "rtb-05c1c3ad0aa439676",
                            "subnet_id": "subnet-0200978383380753d"
                        },
                        "meta": {},
                        "tainted": false
                    },
                    "deposed": [],
                    "provider": "provider.aws"
                },
                "aws_route_table_association.PublicSubnet2RouteTableAssociation": {
                    "type": "aws_route_table_association",
                    "depends_on": [
                        "aws_route_table.PublicRouteTable",
                        "aws_subnet.PublicSubnet2"
                    ],
                    "primary": {
                        "id": "rtbassoc-0e391a902f8c1f51d",
                        "attributes": {
                            "id": "rtbassoc-0e391a902f8c1f51d",
                            "route_table_id": "rtb-05c1c3ad0aa439676",
                            "subnet_id": "subnet-007a3bc3c6b0b72bc"
                        },
                        "meta": {},
                        "tainted": false
                    },
                    "deposed": [],
                    "provider": "provider.aws"
                },
                "aws_s3_bucket.mvpstatic": {
                    "type": "aws_s3_bucket",
                    "depends_on": [],
                    "primary": {
                        "id": "terraform-20190503154509507700000001",
                        "attributes": {
                            "acceleration_status": "",
                            "acl": "public-read",
                            "arn": "arn:aws:s3:::terraform-20190503154509507700000001",
                            "bucket": "terraform-20190503154509507700000001",
                            "bucket_domain_name": "terraform-20190503154509507700000001.s3.amazonaws.com",
                            "bucket_regional_domain_name": "terraform-20190503154509507700000001.s3.amazonaws.com",
                            "cors_rule.#": "0",
                            "force_destroy": "false",
                            "hosted_zone_id": "Z3AQBSTGFYJSTF",
                            "id": "terraform-20190503154509507700000001",
                            "lifecycle_rule.#": "0",
                            "logging.#": "0",
                            "object_lock_configuration.#": "0",
                            "region": "us-east-1",
                            "replication_configuration.#": "0",
                            "request_payer": "BucketOwner",
                            "server_side_encryption_configuration.#": "0",
                            "tags.%": "2",
                            "tags.Name": "mvpstatic",
                            "tags.env": "UAT",
                            "versioning.#": "1",
                            "versioning.0.enabled": "false",
                            "versioning.0.mfa_delete": "false",
                            "website.#": "1",
                            "website.0.error_document": "index.html",
                            "website.0.index_document": "index.html",
                            "website.0.redirect_all_requests_to": "",
                            "website.0.routing_rules": "",
                            "website_domain": "s3-website-us-east-1.amazonaws.com",
                            "website_endpoint": "terraform-20190503154509507700000001.s3-website-us-east-1.amazonaws.com"
                        },
                        "meta": {},
                        "tainted": false
                    },
                    "deposed": [],
                    "provider": "provider.aws"
                },
                "aws_s3_bucket.mvpuser": {
                    "type": "aws_s3_bucket",
                    "depends_on": [],
                    "primary": {
                        "id": "terraform-20190503154509509700000002",
                        "attributes": {
                            "acceleration_status": "",
                            "acl": "private",
                            "arn": "arn:aws:s3:::terraform-20190503154509509700000002",
                            "bucket": "terraform-20190503154509509700000002",
                            "bucket_domain_name": "terraform-20190503154509509700000002.s3.amazonaws.com",
                            "bucket_regional_domain_name": "terraform-20190503154509509700000002.s3.amazonaws.com",
                            "cors_rule.#": "0",
                            "force_destroy": "false",
                            "hosted_zone_id": "Z3AQBSTGFYJSTF",
                            "id": "terraform-20190503154509509700000002",
                            "lifecycle_rule.#": "0",
                            "logging.#": "0",
                            "object_lock_configuration.#": "0",
                            "region": "us-east-1",
                            "replication_configuration.#": "0",
                            "request_payer": "BucketOwner",
                            "server_side_encryption_configuration.#": "0",
                            "tags.%": "2",
                            "tags.Name": "mvpuser",
                            "tags.env": "UAT",
                            "versioning.#": "1",
                            "versioning.0.enabled": "false",
                            "versioning.0.mfa_delete": "false",
                            "website.#": "0"
                        },
                        "meta": {},
                        "tainted": false
                    },
                    "deposed": [],
                    "provider": "provider.aws"
                },
                "aws_s3_bucket_policy.mvpstaticpolicy": {
                    "type": "aws_s3_bucket_policy",
                    "depends_on": [
                        "aws_s3_bucket.mvpstatic"
                    ],
                    "primary": {
                        "id": "terraform-20190503154509507700000001",
                        "attributes": {
                            "bucket": "terraform-20190503154509507700000001",
                            "id": "terraform-20190503154509507700000001",
                            "policy": "{\"Version\":\"2012-10-17\",\"Statement\":[{\"Effect\":\"Allow\",\"Principal\":\"*\",\"Action\":\"s3:GetObject\",\"Resource\":[\"arn:aws:s3:::terraform-20190503154509507700000001\",\"arn:aws:s3:::terraform-20190503154509507700000001/*\"],\"Condition\":{\"StringEquals\":{\"aws:Referer\":\"50655368566D59713373367639792442\"}}}]}"
                        },
                        "meta": {},
                        "tainted": false
                    },
                    "deposed": [],
                    "provider": "provider.aws"
                },
                "aws_s3_bucket_policy.mvpuserpolicy": {
                    "type": "aws_s3_bucket_policy",
                    "depends_on": [
                        "aws_s3_bucket.mvpuser"
                    ],
                    "primary": {
                        "id": "terraform-20190503154509509700000002",
                        "attributes": {
                            "bucket": "terraform-20190503154509509700000002",
                            "id": "terraform-20190503154509509700000002",
                            "policy": "{\"Version\":\"2012-10-17\",\"Statement\":[{\"Effect\":\"Allow\",\"Principal\":\"*\",\"Action\":\"s3:GetObject\",\"Resource\":\"arn:aws:s3:::terraform-20190503154509509700000002/users/public/*\",\"Condition\":{\"StringEquals\":{\"aws:Referer\":\"50655368566D59713373367639792442\"}}}]}"
                        },
                        "meta": {},
                        "tainted": false
                    },
                    "deposed": [],
                    "provider": "provider.aws"
                },
                "aws_security_group.NoIngressSecurityGroup": {
                    "type": "aws_security_group",
                    "depends_on": [
                        "aws_vpc.main"
                    ],
                    "primary": {
                        "id": "sg-0a4c9785b30d43b4c",
                        "attributes": {
                            "arn": "arn:aws:ec2:us-east-1:148768770836:security-group/sg-0a4c9785b30d43b4c",
                            "description": "Security group with no ingress rule",
                            "egress.#": "0",
                            "id": "sg-0a4c9785b30d43b4c",
                            "ingress.#": "0",
                            "name": "no-ingress-sg",
                            "owner_id": "148768770836",
                            "revoke_rules_on_delete": "false",
                            "tags.%": "0",
                            "vpc_id": "vpc-0e4eddab34b6bd729"
                        },
                        "meta": {
                            "e2bfb730-ecaa-11e6-8f88-34363bc7c4c0": {
                                "create": 600000000000,
                                "delete": 600000000000
                            },
                            "schema_version": "1"
                        },
                        "tainted": false
                    },
                    "deposed": [],
                    "provider": "provider.aws"
                },
                "aws_security_group.allowrdp": {
                    "type": "aws_security_group",
                    "depends_on": [
                        "aws_vpc.main"
                    ],
                    "primary": {
                        "id": "sg-0eb522f9aa2221751",
                        "attributes": {
                            "arn": "arn:aws:ec2:us-east-1:148768770836:security-group/sg-0eb522f9aa2221751",
                            "description": "Allow rdp inbound traffic",
                            "egress.#": "0",
                            "id": "sg-0eb522f9aa2221751",
                            "ingress.#": "1",
                            "ingress.2223400681.cidr_blocks.#": "1",
                            "ingress.2223400681.cidr_blocks.0": "0.0.0.0/0",
                            "ingress.2223400681.description": "",
                            "ingress.2223400681.from_port": "3389",
                            "ingress.2223400681.ipv6_cidr_blocks.#": "0",
                            "ingress.2223400681.prefix_list_ids.#": "0",
                            "ingress.2223400681.protocol": "tcp",
                            "ingress.2223400681.security_groups.#": "0",
                            "ingress.2223400681.self": "false",
                            "ingress.2223400681.to_port": "3389",
                            "name": "allow_rdp",
                            "owner_id": "148768770836",
                            "revoke_rules_on_delete": "false",
                            "tags.%": "1",
                            "tags.Name": "allow_rdp",
                            "vpc_id": "vpc-0e4eddab34b6bd729"
                        },
                        "meta": {
                            "e2bfb730-ecaa-11e6-8f88-34363bc7c4c0": {
                                "create": 600000000000,
                                "delete": 600000000000
                            },
                            "schema_version": "1"
                        },
                        "tainted": false
                    },
                    "deposed": [],
                    "provider": "provider.aws"
                },
                "aws_security_group.neo4jinternal": {
                    "type": "aws_security_group",
                    "depends_on": [
                        "aws_instance.jumpbox",
                        "aws_vpc.main"
                    ],
                    "primary": {
                        "id": "sg-08a1bae0c4ec1b80f",
                        "attributes": {
                            "arn": "arn:aws:ec2:us-east-1:148768770836:security-group/sg-08a1bae0c4ec1b80f",
                            "description": "Allow neo4j internal inbound traffic",
                            "egress.#": "0",
                            "id": "sg-08a1bae0c4ec1b80f",
                            "ingress.#": "4",
                            "ingress.1125414507.cidr_blocks.#": "1",
                            "ingress.1125414507.cidr_blocks.0": "172.21.0.0/16",
                            "ingress.1125414507.description": "",
                            "ingress.1125414507.from_port": "0",
                            "ingress.1125414507.ipv6_cidr_blocks.#": "0",
                            "ingress.1125414507.prefix_list_ids.#": "0",
                            "ingress.1125414507.protocol": "tcp",
                            "ingress.1125414507.security_groups.#": "0",
                            "ingress.1125414507.self": "false",
                            "ingress.1125414507.to_port": "7473",
                            "ingress.2059176579.cidr_blocks.#": "1",
                            "ingress.2059176579.cidr_blocks.0": "172.21.0.0/16",
                            "ingress.2059176579.description": "",
                            "ingress.2059176579.from_port": "0",
                            "ingress.2059176579.ipv6_cidr_blocks.#": "0",
                            "ingress.2059176579.prefix_list_ids.#": "0",
                            "ingress.2059176579.protocol": "tcp",
                            "ingress.2059176579.security_groups.#": "0",
                            "ingress.2059176579.self": "false",
                            "ingress.2059176579.to_port": "7687",
                            "ingress.2614562125.cidr_blocks.#": "1",
                            "ingress.2614562125.cidr_blocks.0": "172.21.0.0/16",
                            "ingress.2614562125.description": "",
                            "ingress.2614562125.from_port": "0",
                            "ingress.2614562125.ipv6_cidr_blocks.#": "0",
                            "ingress.2614562125.prefix_list_ids.#": "0",
                            "ingress.2614562125.protocol": "tcp",
                            "ingress.2614562125.security_groups.#": "0",
                            "ingress.2614562125.self": "false",
                            "ingress.2614562125.to_port": "7474",
                            "ingress.2821126638.cidr_blocks.#": "1",
                            "ingress.2821126638.cidr_blocks.0": "172.21.10.140/32",
                            "ingress.2821126638.description": "",
                            "ingress.2821126638.from_port": "0",
                            "ingress.2821126638.ipv6_cidr_blocks.#": "0",
                            "ingress.2821126638.prefix_list_ids.#": "0",
                            "ingress.2821126638.protocol": "tcp",
                            "ingress.2821126638.security_groups.#": "0",
                            "ingress.2821126638.self": "false",
                            "ingress.2821126638.to_port": "22",
                            "name": "allow_neo4j",
                            "owner_id": "148768770836",
                            "revoke_rules_on_delete": "false",
                            "tags.%": "1",
                            "tags.Name": "for_neo4j",
                            "vpc_id": "vpc-0e4eddab34b6bd729"
                        },
                        "meta": {
                            "e2bfb730-ecaa-11e6-8f88-34363bc7c4c0": {
                                "create": 600000000000,
                                "delete": 600000000000
                            },
                            "schema_version": "1"
                        },
                        "tainted": false
                    },
                    "deposed": [],
                    "provider": "provider.aws"
                },
                "aws_subnet.PrivateSubnet1": {
                    "type": "aws_subnet",
                    "depends_on": [
                        "aws_vpc.main",
                        "data.aws_availability_zones.available"
                    ],
                    "primary": {
                        "id": "subnet-0282178e085ecb90d",
                        "attributes": {
                            "arn": "arn:aws:ec2:us-east-1:148768770836:subnet/subnet-0282178e085ecb90d",
                            "assign_ipv6_address_on_creation": "false",
                            "availability_zone": "us-east-1a",
                            "availability_zone_id": "use1-az1",
                            "cidr_block": "172.21.20.0/24",
                            "id": "subnet-0282178e085ecb90d",
                            "ipv6_cidr_block": "",
                            "ipv6_cidr_block_association_id": "",
                            "map_public_ip_on_launch": "false",
                            "owner_id": "148768770836",
                            "tags.%": "1",
                            "tags.name": "UAT Private Subnet (AZ1)",
                            "vpc_id": "vpc-0e4eddab34b6bd729"
                        },
                        "meta": {
                            "e2bfb730-ecaa-11e6-8f88-34363bc7c4c0": {
                                "create": 600000000000,
                                "delete": 600000000000
                            },
                            "schema_version": "1"
                        },
                        "tainted": false
                    },
                    "deposed": [],
                    "provider": "provider.aws"
                },
                "aws_subnet.PrivateSubnet2": {
                    "type": "aws_subnet",
                    "depends_on": [
                        "aws_vpc.main",
                        "data.aws_availability_zones.available"
                    ],
                    "primary": {
                        "id": "subnet-08be3ead906e42e41",
                        "attributes": {
                            "arn": "arn:aws:ec2:us-east-1:148768770836:subnet/subnet-08be3ead906e42e41",
                            "assign_ipv6_address_on_creation": "false",
                            "availability_zone": "us-east-1b",
                            "availability_zone_id": "use1-az2",
                            "cidr_block": "172.21.40.0/24",
                            "id": "subnet-08be3ead906e42e41",
                            "ipv6_cidr_block": "",
                            "ipv6_cidr_block_association_id": "",
                            "map_public_ip_on_launch": "false",
                            "owner_id": "148768770836",
                            "tags.%": "1",
                            "tags.name": "UAT Private Subnet (AZ2)",
                            "vpc_id": "vpc-0e4eddab34b6bd729"
                        },
                        "meta": {
                            "e2bfb730-ecaa-11e6-8f88-34363bc7c4c0": {
                                "create": 600000000000,
                                "delete": 600000000000
                            },
                            "schema_version": "1"
                        },
                        "tainted": false
                    },
                    "deposed": [],
                    "provider": "provider.aws"
                },
                "aws_subnet.PublicSubnet1": {
                    "type": "aws_subnet",
                    "depends_on": [
                        "aws_vpc.main",
                        "data.aws_availability_zones.available"
                    ],
                    "primary": {
                        "id": "subnet-0200978383380753d",
                        "attributes": {
                            "arn": "arn:aws:ec2:us-east-1:148768770836:subnet/subnet-0200978383380753d",
                            "assign_ipv6_address_on_creation": "false",
                            "availability_zone": "us-east-1a",
                            "availability_zone_id": "use1-az1",
                            "cidr_block": "172.21.10.0/24",
                            "id": "subnet-0200978383380753d",
                            "ipv6_cidr_block": "",
                            "ipv6_cidr_block_association_id": "",
                            "map_public_ip_on_launch": "true",
                            "owner_id": "148768770836",
                            "tags.%": "1",
                            "tags.name": "UAT Public Subnet (AZ1)",
                            "vpc_id": "vpc-0e4eddab34b6bd729"
                        },
                        "meta": {
                            "e2bfb730-ecaa-11e6-8f88-34363bc7c4c0": {
                                "create": 600000000000,
                                "delete": 600000000000
                            },
                            "schema_version": "1"
                        },
                        "tainted": false
                    },
                    "deposed": [],
                    "provider": "provider.aws"
                },
                "aws_subnet.PublicSubnet2": {
                    "type": "aws_subnet",
                    "depends_on": [
                        "aws_vpc.main",
                        "data.aws_availability_zones.available"
                    ],
                    "primary": {
                        "id": "subnet-007a3bc3c6b0b72bc",
                        "attributes": {
                            "arn": "arn:aws:ec2:us-east-1:148768770836:subnet/subnet-007a3bc3c6b0b72bc",
                            "assign_ipv6_address_on_creation": "false",
                            "availability_zone": "us-east-1b",
                            "availability_zone_id": "use1-az2",
                            "cidr_block": "172.21.30.0/24",
                            "id": "subnet-007a3bc3c6b0b72bc",
                            "ipv6_cidr_block": "",
                            "ipv6_cidr_block_association_id": "",
                            "map_public_ip_on_launch": "true",
                            "owner_id": "148768770836",
                            "tags.%": "1",
                            "tags.name": "UAT Public Subnet (AZ2)",
                            "vpc_id": "vpc-0e4eddab34b6bd729"
                        },
                        "meta": {
                            "e2bfb730-ecaa-11e6-8f88-34363bc7c4c0": {
                                "create": 600000000000,
                                "delete": 600000000000
                            },
                            "schema_version": "1"
                        },
                        "tainted": false
                    },
                    "deposed": [],
                    "provider": "provider.aws"
                },
                "aws_vpc.main": {
                    "type": "aws_vpc",
                    "depends_on": [],
                    "primary": {
                        "id": "vpc-0e4eddab34b6bd729",
                        "attributes": {
                            "arn": "arn:aws:ec2:us-east-1:148768770836:vpc/vpc-0e4eddab34b6bd729",
                            "assign_generated_ipv6_cidr_block": "false",
                            "cidr_block": "172.21.0.0/16",
                            "default_network_acl_id": "acl-044d95aab83a82a4e",
                            "default_route_table_id": "rtb-021baf66ae7d3bf8a",
                            "default_security_group_id": "sg-09121ba3f31af8e64",
                            "dhcp_options_id": "dopt-f9210082",
                            "enable_classiclink": "false",
                            "enable_classiclink_dns_support": "false",
                            "enable_dns_hostnames": "true",
                            "enable_dns_support": "true",
                            "id": "vpc-0e4eddab34b6bd729",
                            "instance_tenancy": "default",
                            "ipv6_association_id": "",
                            "ipv6_cidr_block": "",
                            "main_route_table_id": "rtb-021baf66ae7d3bf8a",
                            "owner_id": "148768770836",
                            "tags.%": "1",
                            "tags.name": "UAT"
                        },
                        "meta": {
                            "schema_version": "1"
                        },
                        "tainted": false
                    },
                    "deposed": [],
                    "provider": "provider.aws"
                },
                "data.aws_ami.ubuntu": {
                    "type": "aws_ami",
                    "depends_on": [],
                    "primary": {
                        "id": "ami-0bc0814ce7c141032",
                        "attributes": {
                            "architecture": "x86_64",
                            "block_device_mappings.#": "3",
                            "block_device_mappings.1634610537.device_name": "/dev/sdb",
                            "block_device_mappings.1634610537.ebs.%": "0",
                            "block_device_mappings.1634610537.no_device": "",
                            "block_device_mappings.1634610537.virtual_name": "ephemeral0",
                            "block_device_mappings.2547816212.device_name": "/dev/sda1",
                            "block_device_mappings.2547816212.ebs.%": "6",
                            "block_device_mappings.2547816212.ebs.delete_on_termination": "true",
                            "block_device_mappings.2547816212.ebs.encrypted": "false",
                            "block_device_mappings.2547816212.ebs.iops": "0",
                            "block_device_mappings.2547816212.ebs.snapshot_id": "snap-0398be97458830ec2",
                            "block_device_mappings.2547816212.ebs.volume_size": "8",
                            "block_device_mappings.2547816212.ebs.volume_type": "gp2",
                            "block_device_mappings.2547816212.no_device": "",
                            "block_device_mappings.2547816212.virtual_name": "",
                            "block_device_mappings.3850042718.device_name": "/dev/sdc",
                            "block_device_mappings.3850042718.ebs.%": "0",
                            "block_device_mappings.3850042718.no_device": "",
                            "block_device_mappings.3850042718.virtual_name": "ephemeral1",
                            "creation_date": "2019-05-01T16:29:30.000Z",
                            "description": "Canonical, Ubuntu, 14.04 LTS, amd64 trusty image build on 2019-04-29",
                            "filter.#": "2",
                            "filter.4182425345.name": "name",
                            "filter.4182425345.values.#": "1",
                            "filter.4182425345.values.0": "ubuntu/images/hvm-ssd/ubuntu-trusty-14.04-amd64-server-*",
                            "filter.490168357.name": "virtualization-type",
                            "filter.490168357.values.#": "1",
                            "filter.490168357.values.0": "hvm",
                            "hypervisor": "xen",
                            "id": "ami-0bc0814ce7c141032",
                            "image_id": "ami-0bc0814ce7c141032",
                            "image_location": "099720109477/ubuntu/images/hvm-ssd/ubuntu-trusty-14.04-amd64-server-20190429",
                            "image_type": "machine",
                            "most_recent": "true",
                            "name": "ubuntu/images/hvm-ssd/ubuntu-trusty-14.04-amd64-server-20190429",
                            "owner_id": "099720109477",
                            "owners.#": "1",
                            "owners.0": "099720109477",
                            "product_codes.#": "0",
                            "public": "true",
                            "root_device_name": "/dev/sda1",
                            "root_device_type": "ebs",
                            "root_snapshot_id": "snap-0398be97458830ec2",
                            "sriov_net_support": "simple",
                            "state": "available",
                            "state_reason.%": "2",
                            "state_reason.code": "UNSET",
                            "state_reason.message": "UNSET",
                            "tags.%": "0",
                            "virtualization_type": "hvm"
                        },
                        "meta": {},
                        "tainted": false
                    },
                    "deposed": [],
                    "provider": "provider.aws"
                },
                "data.aws_availability_zones.available": {
                    "type": "aws_availability_zones",
                    "depends_on": [],
                    "primary": {
                        "id": "2019-05-03 18:22:55.0540835 +0000 UTC",
                        "attributes": {
                            "id": "2019-05-03 18:22:55.0540835 +0000 UTC",
                            "names.#": "6",
                            "names.0": "us-east-1a",
                            "names.1": "us-east-1b",
                            "names.2": "us-east-1c",
                            "names.3": "us-east-1d",
                            "names.4": "us-east-1e",
                            "names.5": "us-east-1f",
                            "zone_ids.#": "6",
                            "zone_ids.0": "use1-az1",
                            "zone_ids.1": "use1-az2",
                            "zone_ids.2": "use1-az4",
                            "zone_ids.3": "use1-az6",
                            "zone_ids.4": "use1-az3",
                            "zone_ids.5": "use1-az5"
                        },
                        "meta": {},
                        "tainted": false
                    },
                    "deposed": [],
                    "provider": "provider.aws"
                }
            },
            "depends_on": []
        },
        {
            "path": [
                "root",
                "neo4j"
            ],
            "outputs": {
                "instance_ids": {
                    "sensitive": false,
                    "type": "list",
                    "value": [
                        "i-0600aa8f5ad29e5a1"
                    ]
                },
                "instance_private_dns": {
                    "sensitive": false,
                    "type": "list",
                    "value": [
                        "ip-172-21-20-246.ec2.internal"
                    ]
                },
                "instance_private_ips": {
                    "sensitive": false,
                    "type": "list",
                    "value": [
                        "172.21.20.246"
                    ]
                },
                "instance_public_dns": {
                    "sensitive": false,
                    "type": "list",
                    "value": [
                        ""
                    ]
                },
                "instance_public_ips": {
                    "sensitive": false,
                    "type": "list",
                    "value": [
                        ""
                    ]
                },
                "instances_role_id": {
                    "sensitive": false,
                    "type": "string",
                    "value": "role_neo4j-core_profoundimpact_UAT"
                },
                "sg_id": {
                    "sensitive": false,
                    "type": "string",
                    "value": "sg-0516054df94b02c97"
                }
            },
            "resources": {
                "aws_ebs_volume.core": {
                    "type": "aws_ebs_volume",
                    "depends_on": [
                        "module.core"
                    ],
                    "primary": {
                        "id": "vol-0a455d3148ffc9f7e",
                        "attributes": {
                            "arn": "arn:aws:ec2:us-east-1:148768770836:volume/vol-0a455d3148ffc9f7e",
                            "availability_zone": "us-east-1a",
                            "encrypted": "false",
                            "id": "vol-0a455d3148ffc9f7e",
                            "iops": "150",
                            "kms_key_id": "",
                            "size": "50",
                            "snapshot_id": "",
                            "tags.%": "3",
                            "tags.Environment": "UAT",
                            "tags.Name": "profoundimpact-UAT-neo4j-coredata1",
                            "tags.Project": "profoundimpact",
                            "type": "gp2"
                        },
                        "meta": {},
                        "tainted": false
                    },
                    "deposed": [],
                    "provider": "provider.aws"
                },
                "aws_iam_policy.instances": {
                    "type": "aws_iam_policy",
                    "depends_on": [
                        "data.aws_iam_policy_document.instances"
                    ],
                    "primary": {
                        "id": "arn:aws:iam::148768770836:policy/profoundimpact-UAT-neo4j",
                        "attributes": {
                            "arn": "arn:aws:iam::148768770836:policy/profoundimpact-UAT-neo4j",
                            "description": "",
                            "id": "arn:aws:iam::148768770836:policy/profoundimpact-UAT-neo4j",
                            "name": "profoundimpact-UAT-neo4j",
                            "path": "/",
                            "policy": "{\n  \"Version\": \"2012-10-17\",\n  \"Statement\": [\n    {\n      \"Sid\": \"\",\n      \"Effect\": \"Allow\",\n      \"Action\": [\n        \"ec2:DescribeVolume*\",\n        \"ec2:DescribeInstances\"\n      ],\n      \"Resource\": \"*\"\n    }\n  ]\n}"
                        },
                        "meta": {},
                        "tainted": false
                    },
                    "deposed": [],
                    "provider": "provider.aws"
                },
                "aws_iam_role_policy_attachment.instances_core": {
                    "type": "aws_iam_role_policy_attachment",
                    "depends_on": [
                        "aws_iam_policy.instances",
                        "module.core"
                    ],
                    "primary": {
                        "id": "role_neo4j-core_profoundimpact_UAT-20190503154510643100000003",
                        "attributes": {
                            "id": "role_neo4j-core_profoundimpact_UAT-20190503154510643100000003",
                            "policy_arn": "arn:aws:iam::148768770836:policy/profoundimpact-UAT-neo4j",
                            "role": "role_neo4j-core_profoundimpact_UAT"
                        },
                        "meta": {},
                        "tainted": false
                    },
                    "deposed": [],
                    "provider": "provider.aws"
                },
                "aws_security_group.sg": {
                    "type": "aws_security_group",
                    "depends_on": [],
                    "primary": {
                        "id": "sg-0516054df94b02c97",
                        "attributes": {
                            "arn": "arn:aws:ec2:us-east-1:148768770836:security-group/sg-0516054df94b02c97",
                            "description": "Security group for the profoundimpact Neo4j cluster",
                            "egress.#": "3",
                            "egress.1137445809.cidr_blocks.#": "0",
                            "egress.1137445809.description": "",
                            "egress.1137445809.from_port": "7000",
                            "egress.1137445809.ipv6_cidr_blocks.#": "0",
                            "egress.1137445809.prefix_list_ids.#": "0",
                            "egress.1137445809.protocol": "tcp",
                            "egress.1137445809.security_groups.#": "0",
                            "egress.1137445809.self": "true",
                            "egress.1137445809.to_port": "7000",
                            "egress.153184927.cidr_blocks.#": "0",
                            "egress.153184927.description": "",
                            "egress.153184927.from_port": "6000",
                            "egress.153184927.ipv6_cidr_blocks.#": "0",
                            "egress.153184927.prefix_list_ids.#": "0",
                            "egress.153184927.protocol": "tcp",
                            "egress.153184927.security_groups.#": "0",
                            "egress.153184927.self": "true",
                            "egress.153184927.to_port": "6000",
                            "egress.3591817709.cidr_blocks.#": "0",
                            "egress.3591817709.description": "",
                            "egress.3591817709.from_port": "5000",
                            "egress.3591817709.ipv6_cidr_blocks.#": "0",
                            "egress.3591817709.prefix_list_ids.#": "0",
                            "egress.3591817709.protocol": "tcp",
                            "egress.3591817709.security_groups.#": "0",
                            "egress.3591817709.self": "true",
                            "egress.3591817709.to_port": "5000",
                            "id": "sg-0516054df94b02c97",
                            "ingress.#": "3",
                            "ingress.1137445809.cidr_blocks.#": "0",
                            "ingress.1137445809.description": "",
                            "ingress.1137445809.from_port": "7000",
                            "ingress.1137445809.ipv6_cidr_blocks.#": "0",
                            "ingress.1137445809.prefix_list_ids.#": "0",
                            "ingress.1137445809.protocol": "tcp",
                            "ingress.1137445809.security_groups.#": "0",
                            "ingress.1137445809.self": "true",
                            "ingress.1137445809.to_port": "7000",
                            "ingress.153184927.cidr_blocks.#": "0",
                            "ingress.153184927.description": "",
                            "ingress.153184927.from_port": "6000",
                            "ingress.153184927.ipv6_cidr_blocks.#": "0",
                            "ingress.153184927.prefix_list_ids.#": "0",
                            "ingress.153184927.protocol": "tcp",
                            "ingress.153184927.security_groups.#": "0",
                            "ingress.153184927.self": "true",
                            "ingress.153184927.to_port": "6000",
                            "ingress.3591817709.cidr_blocks.#": "0",
                            "ingress.3591817709.description": "",
                            "ingress.3591817709.from_port": "5000",
                            "ingress.3591817709.ipv6_cidr_blocks.#": "0",
                            "ingress.3591817709.prefix_list_ids.#": "0",
                            "ingress.3591817709.protocol": "tcp",
                            "ingress.3591817709.security_groups.#": "0",
                            "ingress.3591817709.self": "true",
                            "ingress.3591817709.to_port": "5000",
                            "name": "profoundimpact-UAT-neo4j-20190503154514451100000004",
                            "name_prefix": "profoundimpact-UAT-neo4j-",
                            "owner_id": "148768770836",
                            "revoke_rules_on_delete": "false",
                            "tags.%": "3",
                            "tags.Environment": "UAT",
                            "tags.Name": "profoundimpact-UAT-neo4j",
                            "tags.Project": "profoundimpact",
                            "vpc_id": "vpc-0e4eddab34b6bd729"
                        },
                        "meta": {
                            "e2bfb730-ecaa-11e6-8f88-34363bc7c4c0": {
                                "create": 600000000000,
                                "delete": 600000000000
                            },
                            "schema_version": "1"
                        },
                        "tainted": false
                    },
                    "deposed": [],
                    "provider": "provider.aws"
                },
                "aws_security_group_rule.egress_discovery": {
                    "type": "aws_security_group_rule",
                    "depends_on": [
                        "aws_security_group.sg"
                    ],
                    "primary": {
                        "id": "sgrule-2216074267",
                        "attributes": {
                            "cidr_blocks.#": "0",
                            "description": "",
                            "from_port": "5000",
                            "id": "sgrule-2216074267",
                            "ipv6_cidr_blocks.#": "0",
                            "prefix_list_ids.#": "0",
                            "protocol": "tcp",
                            "security_group_id": "sg-0516054df94b02c97",
                            "self": "true",
                            "source_security_group_id": "sg-0516054df94b02c97",
                            "to_port": "5000",
                            "type": "egress"
                        },
                        "meta": {
                            "schema_version": "2"
                        },
                        "tainted": false
                    },
                    "deposed": [],
                    "provider": "provider.aws"
                },
                "aws_security_group_rule.egress_raft": {
                    "type": "aws_security_group_rule",
                    "depends_on": [
                        "aws_security_group.sg"
                    ],
                    "primary": {
                        "id": "sgrule-3394341992",
                        "attributes": {
                            "cidr_blocks.#": "0",
                            "description": "",
                            "from_port": "7000",
                            "id": "sgrule-3394341992",
                            "ipv6_cidr_blocks.#": "0",
                            "prefix_list_ids.#": "0",
                            "protocol": "tcp",
                            "security_group_id": "sg-0516054df94b02c97",
                            "self": "true",
                            "source_security_group_id": "sg-0516054df94b02c97",
                            "to_port": "7000",
                            "type": "egress"
                        },
                        "meta": {
                            "schema_version": "2"
                        },
                        "tainted": false
                    },
                    "deposed": [],
                    "provider": "provider.aws"
                },
                "aws_security_group_rule.egress_transaction": {
                    "type": "aws_security_group_rule",
                    "depends_on": [
                        "aws_security_group.sg"
                    ],
                    "primary": {
                        "id": "sgrule-13272945",
                        "attributes": {
                            "cidr_blocks.#": "0",
                            "description": "",
                            "from_port": "6000",
                            "id": "sgrule-13272945",
                            "ipv6_cidr_blocks.#": "0",
                            "prefix_list_ids.#": "0",
                            "protocol": "tcp",
                            "security_group_id": "sg-0516054df94b02c97",
                            "self": "true",
                            "source_security_group_id": "sg-0516054df94b02c97",
                            "to_port": "6000",
                            "type": "egress"
                        },
                        "meta": {
                            "schema_version": "2"
                        },
                        "tainted": false
                    },
                    "deposed": [],
                    "provider": "provider.aws"
                },
                "aws_security_group_rule.ingress_discovery": {
                    "type": "aws_security_group_rule",
                    "depends_on": [
                        "aws_security_group.sg"
                    ],
                    "primary": {
                        "id": "sgrule-2385755752",
                        "attributes": {
                            "cidr_blocks.#": "0",
                            "description": "",
                            "from_port": "5000",
                            "id": "sgrule-2385755752",
                            "ipv6_cidr_blocks.#": "0",
                            "prefix_list_ids.#": "0",
                            "protocol": "tcp",
                            "security_group_id": "sg-0516054df94b02c97",
                            "self": "true",
                            "source_security_group_id": "sg-0516054df94b02c97",
                            "to_port": "5000",
                            "type": "ingress"
                        },
                        "meta": {
                            "schema_version": "2"
                        },
                        "tainted": false
                    },
                    "deposed": [],
                    "provider": "provider.aws"
                },
                "aws_security_group_rule.ingress_raft": {
                    "type": "aws_security_group_rule",
                    "depends_on": [
                        "aws_security_group.sg"
                    ],
                    "primary": {
                        "id": "sgrule-1198643710",
                        "attributes": {
                            "cidr_blocks.#": "0",
                            "description": "",
                            "from_port": "7000",
                            "id": "sgrule-1198643710",
                            "ipv6_cidr_blocks.#": "0",
                            "prefix_list_ids.#": "0",
                            "protocol": "tcp",
                            "security_group_id": "sg-0516054df94b02c97",
                            "self": "true",
                            "source_security_group_id": "sg-0516054df94b02c97",
                            "to_port": "7000",
                            "type": "ingress"
                        },
                        "meta": {
                            "schema_version": "2"
                        },
                        "tainted": false
                    },
                    "deposed": [],
                    "provider": "provider.aws"
                },
                "aws_security_group_rule.ingress_transaction": {
                    "type": "aws_security_group_rule",
                    "depends_on": [
                        "aws_security_group.sg"
                    ],
                    "primary": {
                        "id": "sgrule-600894005",
                        "attributes": {
                            "cidr_blocks.#": "0",
                            "description": "",
                            "from_port": "6000",
                            "id": "sgrule-600894005",
                            "ipv6_cidr_blocks.#": "0",
                            "prefix_list_ids.#": "0",
                            "protocol": "tcp",
                            "security_group_id": "sg-0516054df94b02c97",
                            "self": "true",
                            "source_security_group_id": "sg-0516054df94b02c97",
                            "to_port": "6000",
                            "type": "ingress"
                        },
                        "meta": {
                            "schema_version": "2"
                        },
                        "tainted": false
                    },
                    "deposed": [],
                    "provider": "provider.aws"
                },
                "aws_volume_attachment.core_attach": {
                    "type": "aws_volume_attachment",
                    "depends_on": [
                        "aws_ebs_volume.core.*",
                        "module.core"
                    ],
                    "primary": {
                        "id": "vai-4177276803",
                        "attributes": {
                            "device_name": "/dev/xvdf",
                            "id": "vai-4177276803",
                            "instance_id": "i-0600aa8f5ad29e5a1",
                            "volume_id": "vol-0a455d3148ffc9f7e"
                        },
                        "meta": {},
                        "tainted": false
                    },
                    "deposed": [],
                    "provider": "provider.aws"
                },
                "data.aws_iam_policy_document.cwlogs": {
                    "type": "aws_iam_policy_document",
                    "depends_on": [],
                    "primary": {
                        "id": "3442509011",
                        "attributes": {
                            "id": "3442509011",
                            "json": "{\n  \"Version\": \"2012-10-17\",\n  \"Statement\": [\n    {\n      \"Sid\": \"\",\n      \"Effect\": \"Allow\",\n      \"Action\": [\n        \"logs:PutLogEvents\",\n        \"logs:DescribeLogStreams\",\n        \"logs:DescribeLogGroups\",\n        \"logs:CreateLogStream\",\n        \"logs:CreateLogGroup\"\n      ],\n      \"Resource\": \"*\"\n    }\n  ]\n}",
                            "statement.#": "1",
                            "statement.0.actions.#": "5",
                            "statement.0.actions.2164683621": "logs:DescribeLogGroups",
                            "statement.0.actions.2809485102": "logs:CreateLogGroup",
                            "statement.0.actions.3285979848": "logs:CreateLogStream",
                            "statement.0.actions.3697566380": "logs:DescribeLogStreams",
                            "statement.0.actions.39743051": "logs:PutLogEvents",
                            "statement.0.condition.#": "0",
                            "statement.0.effect": "Allow",
                            "statement.0.not_actions.#": "0",
                            "statement.0.not_principals.#": "0",
                            "statement.0.not_resources.#": "0",
                            "statement.0.principals.#": "0",
                            "statement.0.resources.#": "1",
                            "statement.0.resources.2679715827": "*",
                            "statement.0.sid": "",
                            "version": "2012-10-17"
                        },
                        "meta": {},
                        "tainted": false
                    },
                    "deposed": [],
                    "provider": "provider.aws"
                },
                "data.aws_iam_policy_document.instances": {
                    "type": "aws_iam_policy_document",
                    "depends_on": [],
                    "primary": {
                        "id": "1670190085",
                        "attributes": {
                            "id": "1670190085",
                            "json": "{\n  \"Version\": \"2012-10-17\",\n  \"Statement\": [\n    {\n      \"Sid\": \"\",\n      \"Effect\": \"Allow\",\n      \"Action\": [\n        \"ec2:DescribeVolume*\",\n        \"ec2:DescribeInstances\"\n      ],\n      \"Resource\": \"*\"\n    }\n  ]\n}",
                            "statement.#": "1",
                            "statement.0.actions.#": "2",
                            "statement.0.actions.3374514126": "ec2:DescribeVolume*",
                            "statement.0.actions.3466923763": "ec2:DescribeInstances",
                            "statement.0.condition.#": "0",
                            "statement.0.effect": "Allow",
                            "statement.0.not_actions.#": "0",
                            "statement.0.not_principals.#": "0",
                            "statement.0.not_resources.#": "0",
                            "statement.0.principals.#": "0",
                            "statement.0.resources.#": "1",
                            "statement.0.resources.2679715827": "*",
                            "statement.0.sid": "",
                            "version": "2012-10-17"
                        },
                        "meta": {},
                        "tainted": false
                    },
                    "deposed": [],
                    "provider": "provider.aws"
                },
                "data.template_cloudinit_config.userdata": {
                    "type": "template_cloudinit_config",
                    "depends_on": [
                        "module.puppet_userdata"
                    ],
                    "primary": {
                        "id": "2107626711",
                        "attributes": {
                            "base64_encode": "true",
                            "gzip": "true",
                            "id": "2107626711",
                            "part.#": "4",
                            "part.0.content": "packages:\n  - awscli\n",
                            "part.0.content_type": "text/cloud-config",
                            "part.0.filename": "",
                            "part.0.merge_type": "",
                            "part.1.content": "mounts:\n  - [ \"LABEL=NEO4J\", /var/lib/neo4j/data, ext4, \"defaults,nofail\", \"0\", \"2\" ]\n",
                            "part.1.content_type": "text/cloud-config",
                            "part.1.filename": "",
                            "part.1.merge_type": "",
                            "part.2.content": "#!/bin/bash\n\n# Wait for the EBS volumes to become ready\naws --region $(curl -s http://169.254.169.254/latest/meta-data/placement/availability-zone | sed 's/[a-z]$//') ec2 wait volume-in-use --filters Name=attachment.instance-id,Values=$(curl -s http://169.254.169.254/latest/meta-data/instance-id) Name=attachment.device,Values=/dev/xvdf\n\n# Create FS\nif ! $(blkid -p /dev/xvdf \u0026\u003e/dev/null); then\n  mkfs.ext4 /dev/xvdf -L NEO4J\nfi\n\n# Make sure the mount path exists\nmkdir -p /var/lib/neo4j/data\n\n# Mount the drive\nmount -a\n",
                            "part.2.content_type": "text/x-shellscript",
                            "part.2.filename": "",
                            "part.2.merge_type": "",
                            "part.3.content": "#!/bin/bash\r\n/bin/bash \u003c(/usr/bin/wget -qO- https://raw.githubusercontent.com/skyscrapers/bootstrap/master/autobootstrap.sh) -p puppetmaster01.int.skyscrape.rs -h profoundimpact-UAT-neo4j01 -f neo4j01.profoundimpact-UAT.skyscrape.rs -t \"UTC\"\r\n",
                            "part.3.content_type": "text/x-shellscript",
                            "part.3.filename": "",
                            "part.3.merge_type": "",
                            "rendered": "H4sIAAAAAAAA/8RUXWsjRxB8X9B/6NszORs0O7ZREqKLArajQIJlQ86+EI576J3t1U40O7OZ7tHHkR8fduUIEZGHQMi9SD1LdVVRU8xd8EJe1NOuoym0yYntMIpu7Zaqt1CG5CuMu1m++HExv318fvj+5udf86w/qfcU2QY/havicpSNMqWOQaPswB3Rc01Rzb0JlfXLKXxdWjkCDOJCW9HGhVQpE3xtl6NsYVs6kenQrHBJPM0AFOCGjbP/n3obkpcX7Q+Q39/czu9nD/PHyU/5GPQao3a21J7C5DddoeAYaCuTMeQV1Zic8NiHGq3Lx5Bf9j/XOXz8j+xvFTfkHJtoO/kH/69f6dJ6XSI3WfYafkErUIcI0hDMb9/BOrjUEoMEKMmEliASVrsMNwxKRVra4OHs3KToQDE0It1U66uvvimuv5wUL//aoRCLbklQ9SnozqGhlrxoXKN1WFpnZac+BU/wBzBV8Ib1B1SfPp5p/eYCyFzDpve296OsV4kJlKqtE4oMD9jSDEXQND1tYT0LekPKVuP36BLx7N+7PCK5OFGoaG0N/UWuK1rr7bqq+xTvIqEQ/PAuszW8grPz0q1sBaqDAwy++G6YfXLu4m0ft88A2lXNRV+QI6C6h6FPWW177gWuCDhFGq5oqB90KA3Q1rJw1q4qGwep0/IN+8NGv1tFu6Z9gUHh5+ncKDuM8O25ThyH82ZJAur3RzVcFU+1jrgpllaaVCamaPbChQmt5tWOTcSOIusyBGGJ2OkWWShqTBIOHwtuLvpkutR1JHvE5VVhvRQHkiIyqAa6GOr+rbNth0bU882TGmK8vAJVw8tYnKL+RiSQPz/d5aevoVKj7M8AAAD//7qkvz1sBQAA"
                        },
                        "meta": {},
                        "tainted": false
                    },
                    "deposed": [],
                    "provider": "provider.template"
                }
            },
            "depends_on": []
        },
        {
            "path": [
                "root",
                "neo4j",
                "core"
            ],
            "outputs": {
                "instance_azs": {
                    "sensitive": false,
                    "type": "list",
                    "value": [
                        "us-east-1a"
                    ]
                },
                "instance_ids": {
                    "sensitive": false,
                    "type": "list",
                    "value": [
                        "i-0600aa8f5ad29e5a1"
                    ]
                },
                "instance_key_names": {
                    "sensitive": false,
                    "type": "list",
                    "value": [
                        "NEO4J-DEV-KEY"
                    ]
                },
                "instance_network_interface_ids": {
                    "sensitive": false,
                    "type": "list",
                    "value": [
                        "eni-0a1360e662922efcd"
                    ]
                },
                "instance_private_dns": {
                    "sensitive": false,
                    "type": "list",
                    "value": [
                        "ip-172-21-20-246.ec2.internal"
                    ]
                },
                "instance_private_ip": {
                    "sensitive": false,
                    "type": "list",
                    "value": [
                        "172.21.20.246"
                    ]
                },
                "instance_public_dns": {
                    "sensitive": false,
                    "type": "list",
                    "value": [
                        ""
                    ]
                },
                "instance_public_ips": {
                    "sensitive": false,
                    "type": "list",
                    "value": [
                        ""
                    ]
                },
                "instance_subnet_ids": {
                    "sensitive": false,
                    "type": "list",
                    "value": [
                        "subnet-0282178e085ecb90d"
                    ]
                },
                "instance_vpc_security_group_ids": {
                    "sensitive": false,
                    "type": "list",
                    "value": [
                        [
                            "sg-0516054df94b02c97",
                            "sg-08a1bae0c4ec1b80f"
                        ]
                    ]
                },
                "role_id": {
                    "sensitive": false,
                    "type": "string",
                    "value": "role_neo4j-core_profoundimpact_UAT"
                },
                "role_name": {
                    "sensitive": false,
                    "type": "string",
                    "value": "role_neo4j-core_profoundimpact_UAT"
                }
            },
            "resources": {
                "aws_iam_instance_profile.profile": {
                    "type": "aws_iam_instance_profile",
                    "depends_on": [
                        "aws_iam_role.role"
                    ],
                    "primary": {
                        "id": "profile_neo4j-core_profoundimpact_UAT",
                        "attributes": {
                            "arn": "arn:aws:iam::148768770836:instance-profile/profile_neo4j-core_profoundimpact_UAT",
                            "create_date": "2019-05-03T15:45:10Z",
                            "id": "profile_neo4j-core_profoundimpact_UAT",
                            "name": "profile_neo4j-core_profoundimpact_UAT",
                            "path": "/",
                            "role": "role_neo4j-core_profoundimpact_UAT",
                            "roles.#": "1",
                            "roles.650905523": "role_neo4j-core_profoundimpact_UAT",
                            "unique_id": "AIPASFI2PJMKL7BVG2H5Z"
                        },
                        "meta": {},
                        "tainted": false
                    },
                    "deposed": [],
                    "provider": "provider.aws"
                },
                "aws_iam_role.role": {
                    "type": "aws_iam_role",
                    "depends_on": [],
                    "primary": {
                        "id": "role_neo4j-core_profoundimpact_UAT",
                        "attributes": {
                            "arn": "arn:aws:iam::148768770836:role/role_neo4j-core_profoundimpact_UAT",
                            "assume_role_policy": "{\"Version\":\"2012-10-17\",\"Statement\":[{\"Sid\":\"\",\"Effect\":\"Allow\",\"Principal\":{\"Service\":\"ec2.amazonaws.com\"},\"Action\":\"sts:AssumeRole\"}]}",
                            "create_date": "2019-05-03T15:45:09Z",
                            "description": "",
                            "force_detach_policies": "false",
                            "id": "role_neo4j-core_profoundimpact_UAT",
                            "max_session_duration": "3600",
                            "name": "role_neo4j-core_profoundimpact_UAT",
                            "path": "/",
                            "tags.%": "0",
                            "unique_id": "AROASFI2PJMKE3U2DXOQY"
                        },
                        "meta": {},
                        "tainted": false
                    },
                    "deposed": [],
                    "provider": "provider.aws"
                },
                "aws_instance.instance_no_ebs": {
                    "type": "aws_instance",
                    "depends_on": [
                        "aws_iam_instance_profile.profile"
                    ],
                    "primary": {
                        "id": "i-0600aa8f5ad29e5a1",
                        "attributes": {
                            "ami": "ami-0bc0814ce7c141032",
                            "arn": "arn:aws:ec2:us-east-1:148768770836:instance/i-0600aa8f5ad29e5a1",
                            "associate_public_ip_address": "false",
                            "availability_zone": "us-east-1a",
                            "cpu_core_count": "2",
                            "cpu_threads_per_core": "1",
                            "credit_specification.#": "1",
                            "credit_specification.0.cpu_credits": "standard",
                            "disable_api_termination": "true",
                            "ebs_block_device.#": "1",
                            "ebs_block_device.4023988449.delete_on_termination": "false",
                            "ebs_block_device.4023988449.device_name": "/dev/xvdf",
                            "ebs_block_device.4023988449.encrypted": "false",
                            "ebs_block_device.4023988449.iops": "150",
                            "ebs_block_device.4023988449.snapshot_id": "",
                            "ebs_block_device.4023988449.volume_id": "vol-0a455d3148ffc9f7e",
                            "ebs_block_device.4023988449.volume_size": "50",
                            "ebs_block_device.4023988449.volume_type": "gp2",
                            "ebs_optimized": "false",
                            "ephemeral_block_device.#": "0",
                            "get_password_data": "false",
                            "iam_instance_profile": "profile_neo4j-core_profoundimpact_UAT",
                            "id": "i-0600aa8f5ad29e5a1",
                            "instance_state": "running",
                            "instance_type": "t2.medium",
                            "ipv6_address_count": "0",
                            "ipv6_addresses.#": "0",
                            "key_name": "NEO4J-DEV-KEY",
                            "monitoring": "false",
                            "network_interface.#": "0",
                            "password_data": "",
                            "placement_group": "",
                            "primary_network_interface_id": "eni-0a1360e662922efcd",
                            "private_dns": "ip-172-21-20-246.ec2.internal",
                            "private_ip": "172.21.20.246",
                            "public_dns": "",
                            "public_ip": "",
                            "root_block_device.#": "1",
                            "root_block_device.0.delete_on_termination": "true",
                            "root_block_device.0.iops": "100",
                            "root_block_device.0.volume_id": "vol-02d7a6836de05fc2a",
                            "root_block_device.0.volume_size": "30",
                            "root_block_device.0.volume_type": "gp2",
                            "security_groups.#": "0",
                            "source_dest_check": "true",
                            "subnet_id": "subnet-0282178e085ecb90d",
                            "tags.%": "5",
                            "tags.Environment": "UAT",
                            "tags.Function": "neo4j-core",
                            "tags.Name": "profoundimpact-UAT-neo4j-core1",
                            "tags.Project": "profoundimpact",
                            "tags.neo4j": "core",
                            "tenancy": "default",
                            "user_data": "43575201d640494b21431b23d62cff0a70ff27e5",
                            "volume_tags.%": "3",
                            "volume_tags.Environment": "UAT",
                            "volume_tags.Name": "profoundimpact-UAT-neo4j-coredata1",
                            "volume_tags.Project": "profoundimpact",
                            "vpc_security_group_ids.#": "2",
                            "vpc_security_group_ids.1831485529": "sg-08a1bae0c4ec1b80f",
                            "vpc_security_group_ids.337041213": "sg-0516054df94b02c97"
                        },
                        "meta": {
                            "e2bfb730-ecaa-11e6-8f88-34363bc7c4c0": {
                                "create": 600000000000,
                                "delete": 1200000000000,
                                "update": 600000000000
                            },
                            "schema_version": "1"
                        },
                        "tainted": false
                    },
                    "deposed": [],
                    "provider": "provider.aws"
                }
            },
            "depends_on": []
        },
        {
            "path": [
                "root",
                "neo4j",
                "puppet_userdata"
            ],
            "outputs": {
                "user_datas": {
                    "sensitive": false,
                    "type": "list",
                    "value": [
                        "#!/bin/bash\r\n/bin/bash \u003c(/usr/bin/wget -qO- https://raw.githubusercontent.com/skyscrapers/bootstrap/master/autobootstrap.sh) -p puppetmaster01.int.skyscrape.rs -h profoundimpact-UAT-neo4j01 -f neo4j01.profoundimpact-UAT.skyscrape.rs -t \"UTC\"\r\n"
                    ]
                }
            },
            "resources": {
                "data.template_file.metadata_puppet": {
                    "type": "template_file",
                    "depends_on": [],
                    "primary": {
                        "id": "ea5f495b77f0dde74241e4cf4bd45af45a2207aad1e07573e94d42180dc8832f",
                        "attributes": {
                            "id": "ea5f495b77f0dde74241e4cf4bd45af45a2207aad1e07573e94d42180dc8832f",
                            "rendered": "#!/bin/bash\r\n/bin/bash \u003c(/usr/bin/wget -qO- https://raw.githubusercontent.com/skyscrapers/bootstrap/master/autobootstrap.sh) -p puppetmaster01.int.skyscrape.rs -h profoundimpact-UAT-neo4j01 -f neo4j01.profoundimpact-UAT.skyscrape.rs -t \"UTC\"\r\n",
                            "template": "#!/bin/bash\r\n/bin/bash \u003c(/usr/bin/wget -qO- https://raw.githubusercontent.com/skyscrapers/bootstrap/master/autobootstrap.sh) -p ${puppetmaster} -h ${format(\"%s%s%s-%s%02s\", customer, project, environment, function, number)} -f ${format(\"%s%02s.%s%s%s.${domain}\", function, number, customer, project, environment)} -t \"UTC\"\r\n",
                            "vars.%": "7",
                            "vars.customer": "profoundimpact",
                            "vars.domain": "skyscrape.rs",
                            "vars.environment": "-UAT",
                            "vars.function": "neo4j",
                            "vars.number": "1",
                            "vars.project": "",
                            "vars.puppetmaster": "puppetmaster01.int.skyscrape.rs"
                        },
                        "meta": {},
                        "tainted": false
                    },
                    "deposed": [],
                    "provider": "provider.template"
                }
            },
            "depends_on": []
        },
        {
            "path": [
                "root",
                "neo4j",
                "core",
                "is_ebs_optimised"
            ],
            "outputs": {
                "is_ebs_optimised": {
                    "sensitive": false,
                    "type": "string",
                    "value": "false"
                }
            },
            "resources": {},
            "depends_on": []
        }
    ]
}
